
Microsoft Visual Studio Solution File, Format Version 12.00
# Visual Studio Version 16
VisualStudioVersion = 16.0.31911.196
MinimumVisualStudioVersion = 10.0.40219.1
Project("{8BC9CEB8-8B4A-11D0-8D11-00A0C91BC942}") = "001-StopWatch", "001-StopWatch\001-StopWatch.vcxproj", "{51178D3D-967C-44A3-BB94-953C6C140475}"
EndProject
Project("{8BC9CEB8-8B4A-11D0-8D11-00A0C91BC942}") = "002-Random", "002-Random\002-Random.vcxproj", "{63DC5497-06EF-4E25-B803-FDC9252082FE}"
EndProject
Project("{8BC9CEB8-8B4A-11D0-8D11-00A0C91BC942}") = "003-String", "003-String\003-String.vcxproj", "{8DA96D77-521B-4260-BDF1-7A29D41B2F1E}"
EndProject
Project("{8BC9CEB8-8B4A-11D0-8D11-00A0C91BC942}") = "004-DetectMemoryLeak", "004-DetectMemoryLeak\004-DetectMemoryLeak.vcxproj", "{AFC46915-9749-4AA0-8F00-3D22C1923BB1}"
EndProject
Project("{8BC9CEB8-8B4A-11D0-8D11-00A0C91BC942}") = "007-SmartOutput", "007-SmartOutput\007-SmartOutput.vcxproj", "{2A400F1A-3CB7-4923-92EE-586D5E25BBA6}"
EndProject
Project("{8BC9CEB8-8B4A-11D0-8D11-00A0C91BC942}") = "000-Traits", "000-Traits\000-Traits.vcxproj", "{53EC871B-F2FB-452B-8C93-066F1123E941}"
EndProject
Project("{8BC9CEB8-8B4A-11D0-8D11-00A0C91BC942}") = "005-SplitRange", "005-SplitRange\005-SplitRange.vcxproj", "{4303422C-16D6-4744-951B-139EF22513C9}"
EndProject
Project("{8BC9CEB8-8B4A-11D0-8D11-00A0C91BC942}") = "006-PrimeNumbers", "006-PrimeNumbers\006-PrimeNumbers.vcxproj", "{D30C4566-74C7-4873-9BF5-79D1632A1E4D}"
EndProject
Project("{8BC9CEB8-8B4A-11D0-8D11-00A0C91BC942}") = "008-EuclideanAlgorithm", "008-EuclideanAlgorithm\008-EuclideanAlgorithm.vcxproj", "{51E2C03C-1E4F-4372-8482-9A0458F9A968}"
EndProject
Project("{8BC9CEB8-8B4A-11D0-8D11-00A0C91BC942}") = "009-SetOperation", "009-SetOperation\009-SetOperation.vcxproj", "{32320760-6588-424E-8371-15226D41201A}"
EndProject
Project("{8BC9CEB8-8B4A-11D0-8D11-00A0C91BC942}") = "010-PrimeFactorization", "010-PrimeFactorization\010-PrimeFactorization.vcxproj", "{B3BECBAA-3DFB-4B58-B4F5-F59C124E7CE4}"
EndProject
Project("{8BC9CEB8-8B4A-11D0-8D11-00A0C91BC942}") = "011-RationalNumber", "011-RationalNumber\011-RationalNumber.vcxproj", "{E516C537-F76E-40DE-BCC7-4822CDAB415D}"
EndProject
Project("{8BC9CEB8-8B4A-11D0-8D11-00A0C91BC942}") = "012-nCr-nPr", "012-nCr-nPr\012-nCr-nPr.vcxproj", "{85C1BFF3-62C6-4D1D-8D89-6ADCFAA6B055}"
EndProject
Project("{8BC9CEB8-8B4A-11D0-8D11-00A0C91BC942}") = "013-CombinationPermutation", "013-CombinationPermutation\013-CombinationPermutation.vcxproj", "{FC1411C7-CBE4-46A2-A3E2-62387F1E9174}"
EndProject
Project("{8BC9CEB8-8B4A-11D0-8D11-00A0C91BC942}") = "014-ChineseRemainderTheorem", "014-ChineseRemainderTheorem\014-ChineseRemainderTheorem.vcxproj", "{95ECB0E7-1754-432C-8F57-479A13E1D9E9}"
EndProject
Project("{8BC9CEB8-8B4A-11D0-8D11-00A0C91BC942}") = "015-FastModuloComputation", "015-FastModuloComputation\015-FastModuloComputation.vcxproj", "{5CC77625-68AD-4B97-B4B3-BBBF9A716D27}"
EndProject
Project("{8BC9CEB8-8B4A-11D0-8D11-00A0C91BC942}") = "016-RSA-Algorithm", "016-RSA-Algorithm\016-RSA-Algorithm.vcxproj", "{90E5FBE1-E7CE-4A4B-BD3F-4F3730B96957}"
EndProject
Project("{8BC9CEB8-8B4A-11D0-8D11-00A0C91BC942}") = "017-RSA-Demo", "017-RSA-Demo\017-RSA-Demo.vcxproj", "{11DA560B-B737-42CC-939E-2D5CA7A4B52E}"
EndProject
Project("{8BC9CEB8-8B4A-11D0-8D11-00A0C91BC942}") = "SHA256", "SHA256\SHA256.vcxproj", "{36783D89-A690-4BCC-B58E-7F4F514E0E12}"
EndProject
Project("{8BC9CEB8-8B4A-11D0-8D11-00A0C91BC942}") = "Test", "..\..\..\source\repos\Test-solution\Test\Test.vcxproj", "{58D584DF-C5F5-4112-A92A-AF4EFABE3971}"
EndProject
Global
	GlobalSection(SolutionConfigurationPlatforms) = preSolution
		Debug|x64 = Debug|x64
		Debug|x86 = Debug|x86
		Release|x64 = Release|x64
		Release|x86 = Release|x86
	EndGlobalSection
	GlobalSection(ProjectConfigurationPlatforms) = postSolution
		{51178D3D-967C-44A3-BB94-953C6C140475}.Debug|x64.ActiveCfg = Debug|x64
		{51178D3D-967C-44A3-BB94-953C6C140475}.Debug|x64.Build.0 = Debug|x64
		{51178D3D-967C-44A3-BB94-953C6C140475}.Debug|x86.ActiveCfg = Debug|Win32
		{51178D3D-967C-44A3-BB94-953C6C140475}.Debug|x86.Build.0 = Debug|Win32
		{51178D3D-967C-44A3-BB94-953C6C140475}.Release|x64.ActiveCfg = Release|x64
		{51178D3D-967C-44A3-BB94-953C6C140475}.Release|x64.Build.0 = Release|x64
		{51178D3D-967C-44A3-BB94-953C6C140475}.Release|x86.ActiveCfg = Release|Win32
		{51178D3D-967C-44A3-BB94-953C6C140475}.Release|x86.Build.0 = Release|Win32
		{63DC5497-06EF-4E25-B803-FDC9252082FE}.Debug|x64.ActiveCfg = Debug|x64
		{63DC5497-06EF-4E25-B803-FDC9252082FE}.Debug|x64.Build.0 = Debug|x64
		{63DC5497-06EF-4E25-B803-FDC9252082FE}.Debug|x86.ActiveCfg = Debug|Win32
		{63DC5497-06EF-4E25-B803-FDC9252082FE}.Debug|x86.Build.0 = Debug|Win32
		{63DC5497-06EF-4E25-B803-FDC9252082FE}.Release|x64.ActiveCfg = Release|x64
		{63DC5497-06EF-4E25-B803-FDC9252082FE}.Release|x64.Build.0 = Release|x64
		{63DC5497-06EF-4E25-B803-FDC9252082FE}.Release|x86.ActiveCfg = Release|Win32
		{63DC5497-06EF-4E25-B803-FDC9252082FE}.Release|x86.Build.0 = Release|Win32
		{8DA96D77-521B-4260-BDF1-7A29D41B2F1E}.Debug|x64.ActiveCfg = Debug|x64
		{8DA96D77-521B-4260-BDF1-7A29D41B2F1E}.Debug|x64.Build.0 = Debug|x64
		{8DA96D77-521B-4260-BDF1-7A29D41B2F1E}.Debug|x86.ActiveCfg = Debug|Win32
		{8DA96D77-521B-4260-BDF1-7A29D41B2F1E}.Debug|x86.Build.0 = Debug|Win32
		{8DA96D77-521B-4260-BDF1-7A29D41B2F1E}.Release|x64.ActiveCfg = Release|x64
		{8DA96D77-521B-4260-BDF1-7A29D41B2F1E}.Release|x64.Build.0 = Release|x64
		{8DA96D77-521B-4260-BDF1-7A29D41B2F1E}.Release|x86.ActiveCfg = Release|Win32
		{8DA96D77-521B-4260-BDF1-7A29D41B2F1E}.Release|x86.Build.0 = Release|Win32
		{AFC46915-9749-4AA0-8F00-3D22C1923BB1}.Debug|x64.ActiveCfg = Debug|x64
		{AFC46915-9749-4AA0-8F00-3D22C1923BB1}.Debug|x64.Build.0 = Debug|x64
		{AFC46915-9749-4AA0-8F00-3D22C1923BB1}.Debug|x86.ActiveCfg = Debug|Win32
		{AFC46915-9749-4AA0-8F00-3D22C1923BB1}.Debug|x86.Build.0 = Debug|Win32
		{AFC46915-9749-4AA0-8F00-3D22C1923BB1}.Release|x64.ActiveCfg = Release|x64
		{AFC46915-9749-4AA0-8F00-3D22C1923BB1}.Release|x64.Build.0 = Release|x64
		{AFC46915-9749-4AA0-8F00-3D22C1923BB1}.Release|x86.ActiveCfg = Release|Win32
		{AFC46915-9749-4AA0-8F00-3D22C1923BB1}.Release|x86.Build.0 = Release|Win32
		{2A400F1A-3CB7-4923-92EE-586D5E25BBA6}.Debug|x64.ActiveCfg = Debug|x64
		{2A400F1A-3CB7-4923-92EE-586D5E25BBA6}.Debug|x64.Build.0 = Debug|x64
		{2A400F1A-3CB7-4923-92EE-586D5E25BBA6}.Debug|x86.ActiveCfg = Debug|Win32
		{2A400F1A-3CB7-4923-92EE-586D5E25BBA6}.Debug|x86.Build.0 = Debug|Win32
		{2A400F1A-3CB7-4923-92EE-586D5E25BBA6}.Release|x64.ActiveCfg = Release|x64
		{2A400F1A-3CB7-4923-92EE-586D5E25BBA6}.Release|x64.Build.0 = Release|x64
		{2A400F1A-3CB7-4923-92EE-586D5E25BBA6}.Release|x86.ActiveCfg = Release|Win32
		{2A400F1A-3CB7-4923-92EE-586D5E25BBA6}.Release|x86.Build.0 = Release|Win32
		{53EC871B-F2FB-452B-8C93-066F1123E941}.Debug|x64.ActiveCfg = Debug|x64
		{53EC871B-F2FB-452B-8C93-066F1123E941}.Debug|x64.Build.0 = Debug|x64
		{53EC871B-F2FB-452B-8C93-066F1123E941}.Debug|x86.ActiveCfg = Debug|Win32
		{53EC871B-F2FB-452B-8C93-066F1123E941}.Debug|x86.Build.0 = Debug|Win32
		{53EC871B-F2FB-452B-8C93-066F1123E941}.Release|x64.ActiveCfg = Release|x64
		{53EC871B-F2FB-452B-8C93-066F1123E941}.Release|x64.Build.0 = Release|x64
		{53EC871B-F2FB-452B-8C93-066F1123E941}.Release|x86.ActiveCfg = Release|Win32
		{53EC871B-F2FB-452B-8C93-066F1123E941}.Release|x86.Build.0 = Release|Win32
		{4303422C-16D6-4744-951B-139EF22513C9}.Debug|x64.ActiveCfg = Debug|x64
		{4303422C-16D6-4744-951B-139EF22513C9}.Debug|x64.Build.0 = Debug|x64
		{4303422C-16D6-4744-951B-139EF22513C9}.Debug|x86.ActiveCfg = Debug|Win32
		{4303422C-16D6-4744-951B-139EF22513C9}.Debug|x86.Build.0 = Debug|Win32
		{4303422C-16D6-4744-951B-139EF22513C9}.Release|x64.ActiveCfg = Release|x64
		{4303422C-16D6-4744-951B-139EF22513C9}.Release|x64.Build.0 = Release|x64
		{4303422C-16D6-4744-951B-139EF22513C9}.Release|x86.ActiveCfg = Release|Win32
		{4303422C-16D6-4744-951B-139EF22513C9}.Release|x86.Build.0 = Release|Win32
		{D30C4566-74C7-4873-9BF5-79D1632A1E4D}.Debug|x64.ActiveCfg = Debug|x64
		{D30C4566-74C7-4873-9BF5-79D1632A1E4D}.Debug|x64.Build.0 = Debug|x64
		{D30C4566-74C7-4873-9BF5-79D1632A1E4D}.Debug|x86.ActiveCfg = Debug|Win32
		{D30C4566-74C7-4873-9BF5-79D1632A1E4D}.Debug|x86.Build.0 = Debug|Win32
		{D30C4566-74C7-4873-9BF5-79D1632A1E4D}.Release|x64.ActiveCfg = Release|x64
		{D30C4566-74C7-4873-9BF5-79D1632A1E4D}.Release|x64.Build.0 = Release|x64
		{D30C4566-74C7-4873-9BF5-79D1632A1E4D}.Release|x86.ActiveCfg = Release|Win32
		{D30C4566-74C7-4873-9BF5-79D1632A1E4D}.Release|x86.Build.0 = Release|Win32
		{51E2C03C-1E4F-4372-8482-9A0458F9A968}.Debug|x64.ActiveCfg = Debug|x64
		{51E2C03C-1E4F-4372-8482-9A0458F9A968}.Debug|x64.Build.0 = Debug|x64
		{51E2C03C-1E4F-4372-8482-9A0458F9A968}.Debug|x86.ActiveCfg = Debug|Win32
		{51E2C03C-1E4F-4372-8482-9A0458F9A968}.Debug|x86.Build.0 = Debug|Win32
		{51E2C03C-1E4F-4372-8482-9A0458F9A968}.Release|x64.ActiveCfg = Release|x64
		{51E2C03C-1E4F-4372-8482-9A0458F9A968}.Release|x64.Build.0 = Release|x64
		{51E2C03C-1E4F-4372-8482-9A0458F9A968}.Release|x86.ActiveCfg = Release|Win32
		{51E2C03C-1E4F-4372-8482-9A0458F9A968}.Release|x86.Build.0 = Release|Win32
		{32320760-6588-424E-8371-15226D41201A}.Debug|x64.ActiveCfg = Debug|x64
		{32320760-6588-424E-8371-15226D41201A}.Debug|x64.Build.0 = Debug|x64
		{32320760-6588-424E-8371-15226D41201A}.Debug|x86.ActiveCfg = Debug|Win32
		{32320760-6588-424E-8371-15226D41201A}.Debug|x86.Build.0 = Debug|Win32
		{32320760-6588-424E-8371-15226D41201A}.Release|x64.ActiveCfg = Release|x64
		{32320760-6588-424E-8371-15226D41201A}.Release|x64.Build.0 = Release|x64
		{32320760-6588-424E-8371-15226D41201A}.Release|x86.ActiveCfg = Release|Win32
		{32320760-6588-424E-8371-15226D41201A}.Release|x86.Build.0 = Release|Win32
		{B3BECBAA-3DFB-4B58-B4F5-F59C124E7CE4}.Debug|x64.ActiveCfg = Debug|x64
		{B3BECBAA-3DFB-4B58-B4F5-F59C124E7CE4}.Debug|x64.Build.0 = Debug|x64
		{B3BECBAA-3DFB-4B58-B4F5-F59C124E7CE4}.Debug|x86.ActiveCfg = Debug|Win32
		{B3BECBAA-3DFB-4B58-B4F5-F59C124E7CE4}.Debug|x86.Build.0 = Debug|Win32
		{B3BECBAA-3DFB-4B58-B4F5-F59C124E7CE4}.Release|x64.ActiveCfg = Release|x64
		{B3BECBAA-3DFB-4B58-B4F5-F59C124E7CE4}.Release|x64.Build.0 = Release|x64
		{B3BECBAA-3DFB-4B58-B4F5-F59C124E7CE4}.Release|x86.ActiveCfg = Release|Win32
		{B3BECBAA-3DFB-4B58-B4F5-F59C124E7CE4}.Release|x86.Build.0 = Release|Win32
		{E516C537-F76E-40DE-BCC7-4822CDAB415D}.Debug|x64.ActiveCfg = Debug|x64
		{E516C537-F76E-40DE-BCC7-4822CDAB415D}.Debug|x64.Build.0 = Debug|x64
		{E516C537-F76E-40DE-BCC7-4822CDAB415D}.Debug|x86.ActiveCfg = Debug|Win32
		{E516C537-F76E-40DE-BCC7-4822CDAB415D}.Debug|x86.Build.0 = Debug|Win32
		{E516C537-F76E-40DE-BCC7-4822CDAB415D}.Release|x64.ActiveCfg = Release|x64
		{E516C537-F76E-40DE-BCC7-4822CDAB415D}.Release|x64.Build.0 = Release|x64
		{E516C537-F76E-40DE-BCC7-4822CDAB415D}.Release|x86.ActiveCfg = Release|Win32
		{E516C537-F76E-40DE-BCC7-4822CDAB415D}.Release|x86.Build.0 = Release|Win32
		{85C1BFF3-62C6-4D1D-8D89-6ADCFAA6B055}.Debug|x64.ActiveCfg = Debug|x64
		{85C1BFF3-62C6-4D1D-8D89-6ADCFAA6B055}.Debug|x64.Build.0 = Debug|x64
		{85C1BFF3-62C6-4D1D-8D89-6ADCFAA6B055}.Debug|x86.ActiveCfg = Debug|Win32
		{85C1BFF3-62C6-4D1D-8D89-6ADCFAA6B055}.Debug|x86.Build.0 = Debug|Win32
		{85C1BFF3-62C6-4D1D-8D89-6ADCFAA6B055}.Release|x64.ActiveCfg = Release|x64
		{85C1BFF3-62C6-4D1D-8D89-6ADCFAA6B055}.Release|x64.Build.0 = Release|x64
		{85C1BFF3-62C6-4D1D-8D89-6ADCFAA6B055}.Release|x86.ActiveCfg = Release|Win32
		{85C1BFF3-62C6-4D1D-8D89-6ADCFAA6B055}.Release|x86.Build.0 = Release|Win32
		{FC1411C7-CBE4-46A2-A3E2-62387F1E9174}.Debug|x64.ActiveCfg = Debug|x64
		{FC1411C7-CBE4-46A2-A3E2-62387F1E9174}.Debug|x64.Build.0 = Debug|x64
		{FC1411C7-CBE4-46A2-A3E2-62387F1E9174}.Debug|x86.ActiveCfg = Debug|Win32
		{FC1411C7-CBE4-46A2-A3E2-62387F1E9174}.Debug|x86.Build.0 = Debug|Win32
		{FC1411C7-CBE4-46A2-A3E2-62387F1E9174}.Release|x64.ActiveCfg = Release|x64
		{FC1411C7-CBE4-46A2-A3E2-62387F1E9174}.Release|x64.Build.0 = Release|x64
		{FC1411C7-CBE4-46A2-A3E2-62387F1E9174}.Release|x86.ActiveCfg = Release|Win32
		{FC1411C7-CBE4-46A2-A3E2-62387F1E9174}.Release|x86.Build.0 = Release|Win32
		{95ECB0E7-1754-432C-8F57-479A13E1D9E9}.Debug|x64.ActiveCfg = Debug|x64
		{95ECB0E7-1754-432C-8F57-479A13E1D9E9}.Debug|x64.Build.0 = Debug|x64
		{95ECB0E7-1754-432C-8F57-479A13E1D9E9}.Debug|x86.ActiveCfg = Debug|Win32
		{95ECB0E7-1754-432C-8F57-479A13E1D9E9}.Debug|x86.Build.0 = Debug|Win32
		{95ECB0E7-1754-432C-8F57-479A13E1D9E9}.Release|x64.ActiveCfg = Release|x64
		{95ECB0E7-1754-432C-8F57-479A13E1D9E9}.Release|x64.Build.0 = Release|x64
		{95ECB0E7-1754-432C-8F57-479A13E1D9E9}.Release|x86.ActiveCfg = Release|Win32
		{95ECB0E7-1754-432C-8F57-479A13E1D9E9}.Release|x86.Build.0 = Release|Win32
		{5CC77625-68AD-4B97-B4B3-BBBF9A716D27}.Debug|x64.ActiveCfg = Debug|x64
		{5CC77625-68AD-4B97-B4B3-BBBF9A716D27}.Debug|x64.Build.0 = Debug|x64
		{5CC77625-68AD-4B97-B4B3-BBBF9A716D27}.Debug|x86.ActiveCfg = Debug|Win32
		{5CC77625-68AD-4B97-B4B3-BBBF9A716D27}.Debug|x86.Build.0 = Debug|Win32
		{5CC77625-68AD-4B97-B4B3-BBBF9A716D27}.Release|x64.ActiveCfg = Release|x64
		{5CC77625-68AD-4B97-B4B3-BBBF9A716D27}.Release|x64.Build.0 = Release|x64
		{5CC77625-68AD-4B97-B4B3-BBBF9A716D27}.Release|x86.ActiveCfg = Release|Win32
		{5CC77625-68AD-4B97-B4B3-BBBF9A716D27}.Release|x86.Build.0 = Release|Win32
		{90E5FBE1-E7CE-4A4B-BD3F-4F3730B96957}.Debug|x64.ActiveCfg = Debug|x64
		{90E5FBE1-E7CE-4A4B-BD3F-4F3730B96957}.Debug|x64.Build.0 = Debug|x64
		{90E5FBE1-E7CE-4A4B-BD3F-4F3730B96957}.Debug|x86.ActiveCfg = Debug|Win32
		{90E5FBE1-E7CE-4A4B-BD3F-4F3730B96957}.Debug|x86.Build.0 = Debug|Win32
		{90E5FBE1-E7CE-4A4B-BD3F-4F3730B96957}.Release|x64.ActiveCfg = Release|x64
		{90E5FBE1-E7CE-4A4B-BD3F-4F3730B96957}.Release|x64.Build.0 = Release|x64
		{90E5FBE1-E7CE-4A4B-BD3F-4F3730B96957}.Release|x86.ActiveCfg = Release|Win32
		{90E5FBE1-E7CE-4A4B-BD3F-4F3730B96957}.Release|x86.Build.0 = Release|Win32
		{11DA560B-B737-42CC-939E-2D5CA7A4B52E}.Debug|x64.ActiveCfg = Debug|x64
		{11DA560B-B737-42CC-939E-2D5CA7A4B52E}.Debug|x64.Build.0 = Debug|x64
		{11DA560B-B737-42CC-939E-2D5CA7A4B52E}.Debug|x86.ActiveCfg = Debug|Win32
		{11DA560B-B737-42CC-939E-2D5CA7A4B52E}.Debug|x86.Build.0 = Debug|Win32
		{11DA560B-B737-42CC-939E-2D5CA7A4B52E}.Release|x64.ActiveCfg = Release|x64
		{11DA560B-B737-42CC-939E-2D5CA7A4B52E}.Release|x64.Build.0 = Release|x64
		{11DA560B-B737-42CC-939E-2D5CA7A4B52E}.Release|x86.ActiveCfg = Release|Win32
		{11DA560B-B737-42CC-939E-2D5CA7A4B52E}.Release|x86.Build.0 = Release|Win32
		{36783D89-A690-4BCC-B58E-7F4F514E0E12}.Debug|x64.ActiveCfg = Debug|x64
		{36783D89-A690-4BCC-B58E-7F4F514E0E12}.Debug|x64.Build.0 = Debug|x64
		{36783D89-A690-4BCC-B58E-7F4F514E0E12}.Debug|x86.ActiveCfg = Debug|Win32
		{36783D89-A690-4BCC-B58E-7F4F514E0E12}.Debug|x86.Build.0 = Debug|Win32
		{36783D89-A690-4BCC-B58E-7F4F514E0E12}.Release|x64.ActiveCfg = Release|x64
		{36783D89-A690-4BCC-B58E-7F4F514E0E12}.Release|x64.Build.0 = Release|x64
		{36783D89-A690-4BCC-B58E-7F4F514E0E12}.Release|x86.ActiveCfg = Release|Win32
		{36783D89-A690-4BCC-B58E-7F4F514E0E12}.Release|x86.Build.0 = Release|Win32
		{58D584DF-C5F5-4112-A92A-AF4EFABE3971}.Debug|x64.ActiveCfg = Debug|x64
		{58D584DF-C5F5-4112-A92A-AF4EFABE3971}.Debug|x64.Build.0 = Debug|x64
		{58D584DF-C5F5-4112-A92A-AF4EFABE3971}.Debug|x86.ActiveCfg = Debug|Win32
		{58D584DF-C5F5-4112-A92A-AF4EFABE3971}.Debug|x86.Build.0 = Debug|Win32
		{58D584DF-C5F5-4112-A92A-AF4EFABE3971}.Release|x64.ActiveCfg = Release|x64
		{58D584DF-C5F5-4112-A92A-AF4EFABE3971}.Release|x64.Build.0 = Release|x64
		{58D584DF-C5F5-4112-A92A-AF4EFABE3971}.Release|x86.ActiveCfg = Release|Win32
		{58D584DF-C5F5-4112-A92A-AF4EFABE3971}.Release|x86.Build.0 = Release|Win32
	EndGlobalSection
	GlobalSection(SolutionProperties) = preSolution
		HideSolutionNode = FALSE
	EndGlobalSection
	GlobalSection(ExtensibilityGlobals) = postSolution
		SolutionGuid = {F00AE20A-4D64-4FB8-80E7-B1945AA40653}
	EndGlobalSection
EndGlobal
